
Microsoft Visual Studio Solution File, Format Version 12.00
# Visual Studio Version 17
VisualStudioVersion = 17.13.35828.75
MinimumVisualStudioVersion = 10.0.40219.1
Project("{FAE04EC0-301F-11D3-BF4B-00C04F79EFBC}") = "E-commerce.Api", "API\E-commerce.Api.csproj", "{DE2C6AE4-5686-4C6F-8550-0B1D7B816AA0}"
EndProject
Project("{2150E333-8FDC-42A3-9474-1A3956D46DE8}") = "API", "API", "{02EA681E-C7D8-13C7-8484-4AC65E1B71E8}"
EndProject
Project("{2150E333-8FDC-42A3-9474-1A3956D46DE8}") = "E-commerce", "E-commerce", "{66FAA513-43E0-4C75-966B-07B9F2748788}"
EndProject
Project("{2150E333-8FDC-42A3-9474-1A3956D46DE8}") = "Core", "Core", "{AFBC6939-272A-4783-B6A4-8C11EC840EE5}"
EndProject
Project("{2150E333-8FDC-42A3-9474-1A3956D46DE8}") = "Infrastructure", "Infrastructure", "{BAD392BD-C884-471D-965D-F09AEBF6D68E}"
EndProject
Project("{2150E333-8FDC-42A3-9474-1A3956D46DE8}") = "UI", "UI", "{0AAACA5F-E518-4976-9724-D0DE3F894F25}"
EndProject
Project("{FAE04EC0-301F-11D3-BF4B-00C04F79EFBC}") = "E-commerce.Application", "E-commerce.Application\E-commerce.Application.csproj", "{2725741C-7051-42FC-9FA1-C67A20B0FE53}"
EndProject
Project("{FAE04EC0-301F-11D3-BF4B-00C04F79EFBC}") = "E-commerce.Domain", "E-commerce.Domain\E-commerce.Domain.csproj", "{49C0283B-9CD7-4DDF-8FC2-641A90F8CD1F}"
EndProject
Project("{FAE04EC0-301F-11D3-BF4B-00C04F79EFBC}") = "E-commerce.Infrastructure", "E-commerce.Infrastructure\E-commerce.Infrastructure.csproj", "{D9ABCAAC-2DCA-40FE-B4EA-44D8A3B00AFE}"
EndProject
Project("{FAE04EC0-301F-11D3-BF4B-00C04F79EFBC}") = "E-commerce.MVC", "E-commerce.MVC\E-commerce.MVC.csproj", "{9A5A54C0-12DB-4AA1-AC68-D9EDE99638D3}"
EndProject
Global
	GlobalSection(SolutionConfigurationPlatforms) = preSolution
		Debug|Any CPU = Debug|Any CPU
		Release|Any CPU = Release|Any CPU
	EndGlobalSection
	GlobalSection(ProjectConfigurationPlatforms) = postSolution
		{DE2C6AE4-5686-4C6F-8550-0B1D7B816AA0}.Debug|Any CPU.ActiveCfg = Debug|Any CPU
		{DE2C6AE4-5686-4C6F-8550-0B1D7B816AA0}.Debug|Any CPU.Build.0 = Debug|Any CPU
		{DE2C6AE4-5686-4C6F-8550-0B1D7B816AA0}.Release|Any CPU.ActiveCfg = Release|Any CPU
		{DE2C6AE4-5686-4C6F-8550-0B1D7B816AA0}.Release|Any CPU.Build.0 = Release|Any CPU
		{2725741C-7051-42FC-9FA1-C67A20B0FE53}.Debug|Any CPU.ActiveCfg = Debug|Any CPU
		{2725741C-7051-42FC-9FA1-C67A20B0FE53}.Debug|Any CPU.Build.0 = Debug|Any CPU
		{2725741C-7051-42FC-9FA1-C67A20B0FE53}.Release|Any CPU.ActiveCfg = Release|Any CPU
		{2725741C-7051-42FC-9FA1-C67A20B0FE53}.Release|Any CPU.Build.0 = Release|Any CPU
		{49C0283B-9CD7-4DDF-8FC2-641A90F8CD1F}.Debug|Any CPU.ActiveCfg = Debug|Any CPU
		{49C0283B-9CD7-4DDF-8FC2-641A90F8CD1F}.Debug|Any CPU.Build.0 = Debug|Any CPU
		{49C0283B-9CD7-4DDF-8FC2-641A90F8CD1F}.Release|Any CPU.ActiveCfg = Release|Any CPU
		{49C0283B-9CD7-4DDF-8FC2-641A90F8CD1F}.Release|Any CPU.Build.0 = Release|Any CPU
		{D9ABCAAC-2DCA-40FE-B4EA-44D8A3B00AFE}.Debug|Any CPU.ActiveCfg = Debug|Any CPU
		{D9ABCAAC-2DCA-40FE-B4EA-44D8A3B00AFE}.Debug|Any CPU.Build.0 = Debug|Any CPU
		{D9ABCAAC-2DCA-40FE-B4EA-44D8A3B00AFE}.Release|Any CPU.ActiveCfg = Release|Any CPU
		{D9ABCAAC-2DCA-40FE-B4EA-44D8A3B00AFE}.Release|Any CPU.Build.0 = Release|Any CPU
		{9A5A54C0-12DB-4AA1-AC68-D9EDE99638D3}.Debug|Any CPU.ActiveCfg = Debug|Any CPU
		{9A5A54C0-12DB-4AA1-AC68-D9EDE99638D3}.Debug|Any CPU.Build.0 = Debug|Any CPU
		{9A5A54C0-12DB-4AA1-AC68-D9EDE99638D3}.Release|Any CPU.ActiveCfg = Release|Any CPU
		{9A5A54C0-12DB-4AA1-AC68-D9EDE99638D3}.Release|Any CPU.Build.0 = Release|Any CPU
	EndGlobalSection
	GlobalSection(SolutionProperties) = preSolution
		HideSolutionNode = FALSE
	EndGlobalSection
	GlobalSection(NestedProjects) = preSolution
		{DE2C6AE4-5686-4C6F-8550-0B1D7B816AA0} = {02EA681E-C7D8-13C7-8484-4AC65E1B71E8}
		{02EA681E-C7D8-13C7-8484-4AC65E1B71E8} = {66FAA513-43E0-4C75-966B-07B9F2748788}
		{AFBC6939-272A-4783-B6A4-8C11EC840EE5} = {66FAA513-43E0-4C75-966B-07B9F2748788}
		{BAD392BD-C884-471D-965D-F09AEBF6D68E} = {66FAA513-43E0-4C75-966B-07B9F2748788}
		{0AAACA5F-E518-4976-9724-D0DE3F894F25} = {66FAA513-43E0-4C75-966B-07B9F2748788}
		{2725741C-7051-42FC-9FA1-C67A20B0FE53} = {AFBC6939-272A-4783-B6A4-8C11EC840EE5}
		{49C0283B-9CD7-4DDF-8FC2-641A90F8CD1F} = {AFBC6939-272A-4783-B6A4-8C11EC840EE5}
		{D9ABCAAC-2DCA-40FE-B4EA-44D8A3B00AFE} = {BAD392BD-C884-471D-965D-F09AEBF6D68E}
		{9A5A54C0-12DB-4AA1-AC68-D9EDE99638D3} = {0AAACA5F-E518-4976-9724-D0DE3F894F25}
	EndGlobalSection
	GlobalSection(ExtensibilityGlobals) = postSolution
		SolutionGuid = {05E76E71-6E95-470C-BD9D-DEE0EB3A2CE6}
	EndGlobalSection
EndGlobal
